
Microsoft Visual Studio Solution File, Format Version 12.00
# Visual Studio Version 16
VisualStudioVersion = 16.0.30320.27
MinimumVisualStudioVersion = 10.0.40219.1
Project("{FAE04EC0-301F-11D3-BF4B-00C04F79EFBC}") = "DataCatch", "GroupData\DataCatch.csproj", "{8CC19936-A676-4EBC-954B-DE7C85638718}"
EndProject
Global
	GlobalSection(SolutionConfigurationPlatforms) = preSolution
		Debug|Any CPU = Debug|Any CPU
		Release|Any CPU = Release|Any CPU
	EndGlobalSection
	GlobalSection(ProjectConfigurationPlatforms) = postSolution
		{8CC19936-A676-4EBC-954B-DE7C85638718}.Debug|Any CPU.ActiveCfg = Debug|Any CPU
		{8CC19936-A676-4EBC-954B-DE7C85638718}.Debug|Any CPU.Build.0 = Debug|Any CPU
		{8CC19936-A676-4EBC-954B-DE7C85638718}.Release|Any CPU.ActiveCfg = Release|Any CPU
		{8CC19936-A676-4EBC-954B-DE7C85638718}.Release|Any CPU.Build.0 = Release|Any CPU
	EndGlobalSection
	GlobalSection(SolutionProperties) = preSolution
		HideSolutionNode = FALSE
	EndGlobalSection
	GlobalSection(ExtensibilityGlobals) = postSolution
		SolutionGuid = {521D1F28-E63F-4166-822A-2A93D1FB11BA}
	EndGlobalSection
EndGlobal
